
Microsoft Visual Studio Solution File, Format Version 12.00
# Visual Studio Version 16
VisualStudioVersion = 16.0.29020.237
MinimumVisualStudioVersion = 10.0.40219.1
Project("{FAE04EC0-301F-11D3-BF4B-00C04F79EFBC}") = "RdNapTrans", "RdNapTrans\RdNapTrans.csproj", "{2736FFA2-18F6-493B-9F71-25A85AEA9F07}"
EndProject
Project("{9A19103F-16F7-4668-BE54-9A1E7A4F7556}") = "ConsoleApp1", "ConsoleApp1\ConsoleApp1.csproj", "{9464D7A7-946E-470E-8968-3ADD1441759E}"
EndProject
Project("{9A19103F-16F7-4668-BE54-9A1E7A4F7556}") = "RdNaptransUnitTestProject", "RdNaptransUnitTestProject\RdNaptransUnitTestProject.csproj", "{882FD46B-74BD-4D7D-AC5C-378A46DB4296}"
EndProject
Global
	GlobalSection(SolutionConfigurationPlatforms) = preSolution
		Debug|Any CPU = Debug|Any CPU
		Release|Any CPU = Release|Any CPU
	EndGlobalSection
	GlobalSection(ProjectConfigurationPlatforms) = postSolution
		{2736FFA2-18F6-493B-9F71-25A85AEA9F07}.Debug|Any CPU.ActiveCfg = Debug|Any CPU
		{2736FFA2-18F6-493B-9F71-25A85AEA9F07}.Debug|Any CPU.Build.0 = Debug|Any CPU
		{2736FFA2-18F6-493B-9F71-25A85AEA9F07}.Release|Any CPU.ActiveCfg = Release|Any CPU
		{2736FFA2-18F6-493B-9F71-25A85AEA9F07}.Release|Any CPU.Build.0 = Release|Any CPU
		{9464D7A7-946E-470E-8968-3ADD1441759E}.Debug|Any CPU.ActiveCfg = Debug|Any CPU
		{9464D7A7-946E-470E-8968-3ADD1441759E}.Debug|Any CPU.Build.0 = Debug|Any CPU
		{9464D7A7-946E-470E-8968-3ADD1441759E}.Release|Any CPU.ActiveCfg = Release|Any CPU
		{9464D7A7-946E-470E-8968-3ADD1441759E}.Release|Any CPU.Build.0 = Release|Any CPU
		{882FD46B-74BD-4D7D-AC5C-378A46DB4296}.Debug|Any CPU.ActiveCfg = Debug|Any CPU
		{882FD46B-74BD-4D7D-AC5C-378A46DB4296}.Debug|Any CPU.Build.0 = Debug|Any CPU
		{882FD46B-74BD-4D7D-AC5C-378A46DB4296}.Release|Any CPU.ActiveCfg = Release|Any CPU
		{882FD46B-74BD-4D7D-AC5C-378A46DB4296}.Release|Any CPU.Build.0 = Release|Any CPU
	EndGlobalSection
	GlobalSection(SolutionProperties) = preSolution
		HideSolutionNode = FALSE
	EndGlobalSection
	GlobalSection(ExtensibilityGlobals) = postSolution
		SolutionGuid = {896B5217-31EE-4FB2-86EF-C04AFA3B3303}
	EndGlobalSection
EndGlobal
